
Microsoft Visual Studio Solution File, Format Version 12.00
# Visual Studio Version 17
VisualStudioVersion = 17.3.32901.215
MinimumVisualStudioVersion = 10.0.40219.1
Project("{FAE04EC0-301F-11D3-BF4B-00C04F79EFBC}") = "WeatherForecast", "WeatherForecast\WeatherForecast.csproj", "{464DFB07-DB3B-481C-AD55-E52855A0740A}"
EndProject
Global
	GlobalSection(SolutionConfigurationPlatforms) = preSolution
		Debug|Any CPU = Debug|Any CPU
		Release|Any CPU = Release|Any CPU
	EndGlobalSection
	GlobalSection(ProjectConfigurationPlatforms) = postSolution
		{464DFB07-DB3B-481C-AD55-E52855A0740A}.Debug|Any CPU.ActiveCfg = Debug|Any CPU
		{464DFB07-DB3B-481C-AD55-E52855A0740A}.Debug|Any CPU.Build.0 = Debug|Any CPU
		{464DFB07-DB3B-481C-AD55-E52855A0740A}.Release|Any CPU.ActiveCfg = Release|Any CPU
		{464DFB07-DB3B-481C-AD55-E52855A0740A}.Release|Any CPU.Build.0 = Release|Any CPU
	EndGlobalSection
	GlobalSection(SolutionProperties) = preSolution
		HideSolutionNode = FALSE
	EndGlobalSection
	GlobalSection(ExtensibilityGlobals) = postSolution
		SolutionGuid = {FFBFAA9B-1186-4175-8F04-3F4157674AF8}
	EndGlobalSection
EndGlobal
